
Microsoft Visual Studio Solution File, Format Version 12.00
# Visual Studio Version 17
VisualStudioVersion = 17.5.33516.290
MinimumVisualStudioVersion = 10.0.40219.1
Project("{8BC9CEB8-8B4A-11D0-8D11-00A0C91BC942}") = "ParadigmaOOP.2", "ParadigmaOOP.2\ParadigmaOOP.2.vcxproj", "{F298FC26-4E11-4D95-8AB4-7070E8E8AF57}"
EndProject
Project("{8BC9CEB8-8B4A-11D0-8D11-00A0C91BC942}") = "solveMultiwaris", "solveMultiwaris\solveMultiwaris.vcxproj", "{D3839CDD-A39D-43CB-91B1-59F572303A67}"
EndProject
Project("{8BC9CEB8-8B4A-11D0-8D11-00A0C91BC942}") = "Polymorphism", "Polymorphism\Polymorphism.vcxproj", "{44C45167-D19B-4C74-BCF8-30560AE30EBF}"
EndProject
Project("{8BC9CEB8-8B4A-11D0-8D11-00A0C91BC942}") = "Program noOverriding", "Program noOverriding\Program noOverriding.vcxproj", "{F132EC97-1698-4D9B-9709-B43A9F192B50}"
EndProject
Project("{8BC9CEB8-8B4A-11D0-8D11-00A0C91BC942}") = "Program noPewarisan", "Program noPewarisan\Program noPewarisan.vcxproj", "{4A4B7876-6D1B-432D-A19A-33B38DB8026A}"
EndProject
Project("{8BC9CEB8-8B4A-11D0-8D11-00A0C91BC942}") = "Program enkapsulasi", "Program enkapsulasi\Program enkapsulasi.vcxproj", "{A183BEDE-6C41-45EF-AE1C-DC801DE74313}"
EndProject
Project("{8BC9CEB8-8B4A-11D0-8D11-00A0C91BC942}") = "Program abstraksi", "Program abstraksi\Program abstraksi.vcxproj", "{7B7B2079-D4BE-4C58-A88A-5AB38EDB1B70}"
EndProject
Project("{8BC9CEB8-8B4A-11D0-8D11-00A0C91BC942}") = "Program MultiWaris", "Program MultiWaris\Program MultiWaris.vcxproj", "{6C3224EF-27D0-4233-97E3-70FC21F557E5}"
EndProject
Global
	GlobalSection(SolutionConfigurationPlatforms) = preSolution
		Debug|x64 = Debug|x64
		Debug|x86 = Debug|x86
		Release|x64 = Release|x64
		Release|x86 = Release|x86
	EndGlobalSection
	GlobalSection(ProjectConfigurationPlatforms) = postSolution
		{F298FC26-4E11-4D95-8AB4-7070E8E8AF57}.Debug|x64.ActiveCfg = Debug|x64
		{F298FC26-4E11-4D95-8AB4-7070E8E8AF57}.Debug|x64.Build.0 = Debug|x64
		{F298FC26-4E11-4D95-8AB4-7070E8E8AF57}.Debug|x86.ActiveCfg = Debug|Win32
		{F298FC26-4E11-4D95-8AB4-7070E8E8AF57}.Debug|x86.Build.0 = Debug|Win32
		{F298FC26-4E11-4D95-8AB4-7070E8E8AF57}.Release|x64.ActiveCfg = Release|x64
		{F298FC26-4E11-4D95-8AB4-7070E8E8AF57}.Release|x64.Build.0 = Release|x64
		{F298FC26-4E11-4D95-8AB4-7070E8E8AF57}.Release|x86.ActiveCfg = Release|Win32
		{F298FC26-4E11-4D95-8AB4-7070E8E8AF57}.Release|x86.Build.0 = Release|Win32
		{D3839CDD-A39D-43CB-91B1-59F572303A67}.Debug|x64.ActiveCfg = Debug|x64
		{D3839CDD-A39D-43CB-91B1-59F572303A67}.Debug|x64.Build.0 = Debug|x64
		{D3839CDD-A39D-43CB-91B1-59F572303A67}.Debug|x86.ActiveCfg = Debug|Win32
		{D3839CDD-A39D-43CB-91B1-59F572303A67}.Debug|x86.Build.0 = Debug|Win32
		{D3839CDD-A39D-43CB-91B1-59F572303A67}.Release|x64.ActiveCfg = Release|x64
		{D3839CDD-A39D-43CB-91B1-59F572303A67}.Release|x64.Build.0 = Release|x64
		{D3839CDD-A39D-43CB-91B1-59F572303A67}.Release|x86.ActiveCfg = Release|Win32
		{D3839CDD-A39D-43CB-91B1-59F572303A67}.Release|x86.Build.0 = Release|Win32
		{44C45167-D19B-4C74-BCF8-30560AE30EBF}.Debug|x64.ActiveCfg = Debug|x64
		{44C45167-D19B-4C74-BCF8-30560AE30EBF}.Debug|x64.Build.0 = Debug|x64
		{44C45167-D19B-4C74-BCF8-30560AE30EBF}.Debug|x86.ActiveCfg = Debug|Win32
		{44C45167-D19B-4C74-BCF8-30560AE30EBF}.Debug|x86.Build.0 = Debug|Win32
		{44C45167-D19B-4C74-BCF8-30560AE30EBF}.Release|x64.ActiveCfg = Release|x64
		{44C45167-D19B-4C74-BCF8-30560AE30EBF}.Release|x64.Build.0 = Release|x64
		{44C45167-D19B-4C74-BCF8-30560AE30EBF}.Release|x86.ActiveCfg = Release|Win32
		{44C45167-D19B-4C74-BCF8-30560AE30EBF}.Release|x86.Build.0 = Release|Win32
		{F132EC97-1698-4D9B-9709-B43A9F192B50}.Debug|x64.ActiveCfg = Debug|x64
		{F132EC97-1698-4D9B-9709-B43A9F192B50}.Debug|x64.Build.0 = Debug|x64
		{F132EC97-1698-4D9B-9709-B43A9F192B50}.Debug|x86.ActiveCfg = Debug|Win32
		{F132EC97-1698-4D9B-9709-B43A9F192B50}.Debug|x86.Build.0 = Debug|Win32
		{F132EC97-1698-4D9B-9709-B43A9F192B50}.Release|x64.ActiveCfg = Release|x64
		{F132EC97-1698-4D9B-9709-B43A9F192B50}.Release|x64.Build.0 = Release|x64
		{F132EC97-1698-4D9B-9709-B43A9F192B50}.Release|x86.ActiveCfg = Release|Win32
		{F132EC97-1698-4D9B-9709-B43A9F192B50}.Release|x86.Build.0 = Release|Win32
		{4A4B7876-6D1B-432D-A19A-33B38DB8026A}.Debug|x64.ActiveCfg = Debug|x64
		{4A4B7876-6D1B-432D-A19A-33B38DB8026A}.Debug|x64.Build.0 = Debug|x64
		{4A4B7876-6D1B-432D-A19A-33B38DB8026A}.Debug|x86.ActiveCfg = Debug|Win32
		{4A4B7876-6D1B-432D-A19A-33B38DB8026A}.Debug|x86.Build.0 = Debug|Win32
		{4A4B7876-6D1B-432D-A19A-33B38DB8026A}.Release|x64.ActiveCfg = Release|x64
		{4A4B7876-6D1B-432D-A19A-33B38DB8026A}.Release|x64.Build.0 = Release|x64
		{4A4B7876-6D1B-432D-A19A-33B38DB8026A}.Release|x86.ActiveCfg = Release|Win32
		{4A4B7876-6D1B-432D-A19A-33B38DB8026A}.Release|x86.Build.0 = Release|Win32
		{A183BEDE-6C41-45EF-AE1C-DC801DE74313}.Debug|x64.ActiveCfg = Debug|x64
		{A183BEDE-6C41-45EF-AE1C-DC801DE74313}.Debug|x64.Build.0 = Debug|x64
		{A183BEDE-6C41-45EF-AE1C-DC801DE74313}.Debug|x86.ActiveCfg = Debug|Win32
		{A183BEDE-6C41-45EF-AE1C-DC801DE74313}.Debug|x86.Build.0 = Debug|Win32
		{A183BEDE-6C41-45EF-AE1C-DC801DE74313}.Release|x64.ActiveCfg = Release|x64
		{A183BEDE-6C41-45EF-AE1C-DC801DE74313}.Release|x64.Build.0 = Release|x64
		{A183BEDE-6C41-45EF-AE1C-DC801DE74313}.Release|x86.ActiveCfg = Release|Win32
		{A183BEDE-6C41-45EF-AE1C-DC801DE74313}.Release|x86.Build.0 = Release|Win32
		{7B7B2079-D4BE-4C58-A88A-5AB38EDB1B70}.Debug|x64.ActiveCfg = Debug|x64
		{7B7B2079-D4BE-4C58-A88A-5AB38EDB1B70}.Debug|x64.Build.0 = Debug|x64
		{7B7B2079-D4BE-4C58-A88A-5AB38EDB1B70}.Debug|x86.ActiveCfg = Debug|Win32
		{7B7B2079-D4BE-4C58-A88A-5AB38EDB1B70}.Debug|x86.Build.0 = Debug|Win32
		{7B7B2079-D4BE-4C58-A88A-5AB38EDB1B70}.Release|x64.ActiveCfg = Release|x64
		{7B7B2079-D4BE-4C58-A88A-5AB38EDB1B70}.Release|x64.Build.0 = Release|x64
		{7B7B2079-D4BE-4C58-A88A-5AB38EDB1B70}.Release|x86.ActiveCfg = Release|Win32
		{7B7B2079-D4BE-4C58-A88A-5AB38EDB1B70}.Release|x86.Build.0 = Release|Win32
		{6C3224EF-27D0-4233-97E3-70FC21F557E5}.Debug|x64.ActiveCfg = Debug|x64
		{6C3224EF-27D0-4233-97E3-70FC21F557E5}.Debug|x64.Build.0 = Debug|x64
		{6C3224EF-27D0-4233-97E3-70FC21F557E5}.Debug|x86.ActiveCfg = Debug|Win32
		{6C3224EF-27D0-4233-97E3-70FC21F557E5}.Debug|x86.Build.0 = Debug|Win32
		{6C3224EF-27D0-4233-97E3-70FC21F557E5}.Release|x64.ActiveCfg = Release|x64
		{6C3224EF-27D0-4233-97E3-70FC21F557E5}.Release|x64.Build.0 = Release|x64
		{6C3224EF-27D0-4233-97E3-70FC21F557E5}.Release|x86.ActiveCfg = Release|Win32
		{6C3224EF-27D0-4233-97E3-70FC21F557E5}.Release|x86.Build.0 = Release|Win32
	EndGlobalSection
	GlobalSection(SolutionProperties) = preSolution
		HideSolutionNode = FALSE
	EndGlobalSection
	GlobalSection(ExtensibilityGlobals) = postSolution
		SolutionGuid = {56486599-24CB-4178-801F-FF89F7DAF279}
	EndGlobalSection
EndGlobal
